
Microsoft Visual Studio Solution File, Format Version 12.00
# Visual Studio 15
VisualStudioVersion = 15.0.26730.16
MinimumVisualStudioVersion = 10.0.40219.1
Project("{FAE04EC0-301F-11D3-BF4B-00C04F79EFBC}") = "online shopping", "online shopping\online shopping.csproj", "{0250BB5B-E185-4EFA-8FA1-156A8980DE76}"
EndProject
Global
	GlobalSection(SolutionConfigurationPlatforms) = preSolution
		Debug|Any CPU = Debug|Any CPU
		Release|Any CPU = Release|Any CPU
	EndGlobalSection
	GlobalSection(ProjectConfigurationPlatforms) = postSolution
		{0250BB5B-E185-4EFA-8FA1-156A8980DE76}.Debug|Any CPU.ActiveCfg = Debug|Any CPU
		{0250BB5B-E185-4EFA-8FA1-156A8980DE76}.Debug|Any CPU.Build.0 = Debug|Any CPU
		{0250BB5B-E185-4EFA-8FA1-156A8980DE76}.Release|Any CPU.ActiveCfg = Release|Any CPU
		{0250BB5B-E185-4EFA-8FA1-156A8980DE76}.Release|Any CPU.Build.0 = Release|Any CPU
	EndGlobalSection
	GlobalSection(SolutionProperties) = preSolution
		HideSolutionNode = FALSE
	EndGlobalSection
	GlobalSection(ExtensibilityGlobals) = postSolution
		SolutionGuid = {672408B1-81CA-49E2-B514-1B1FDDCDC7E1}
	EndGlobalSection
EndGlobal
